// !$*UTF8*$!
{
	archiveVersion = 1;
	classes = {
	};
	objectVersion = 51;
	objects = {

/* Begin PBXBuildFile section */
		59BFAAB9C004EF4D8A3B23AC /* Pods_Nextcloud_Passwords.framework in Frameworks */ = {isa = PBXBuildFile; fileRef = C93C290146BC91193976EBDE /* Pods_Nextcloud_Passwords.framework */; };
		BF2742F0246809B0005D5B1C /* JsonNCPasswords.swift in Sources */ = {isa = PBXBuildFile; fileRef = BF2742EF246809B0005D5B1C /* JsonNCPasswords.swift */; };
		BF3325CA24608F3700F15976 /* LoginViewController.swift in Sources */ = {isa = PBXBuildFile; fileRef = BF3325C924608F3700F15976 /* LoginViewController.swift */; };
		BF801352245DC2EE00BC91AB /* AppDelegate.swift in Sources */ = {isa = PBXBuildFile; fileRef = BF801351245DC2EE00BC91AB /* AppDelegate.swift */; };
		BF801354245DC2EE00BC91AB /* SceneDelegate.swift in Sources */ = {isa = PBXBuildFile; fileRef = BF801353245DC2EE00BC91AB /* SceneDelegate.swift */; };
		BF801356245DC2EE00BC91AB /* MainViewController.swift in Sources */ = {isa = PBXBuildFile; fileRef = BF801355245DC2EE00BC91AB /* MainViewController.swift */; };
		BF80135B245DC2F000BC91AB /* Assets.xcassets in Resources */ = {isa = PBXBuildFile; fileRef = BF80135A245DC2F000BC91AB /* Assets.xcassets */; };
		BF80135E245DC2F000BC91AB /* LaunchScreen.storyboard in Resources */ = {isa = PBXBuildFile; fileRef = BF80135C245DC2F000BC91AB /* LaunchScreen.storyboard */; };
		BF80136C245DD72600BC91AB /* Main.storyboard in Resources */ = {isa = PBXBuildFile; fileRef = BF80136A245DD72600BC91AB /* Main.storyboard */; };
/* End PBXBuildFile section */

/* Begin PBXFileReference section */
		72E04A2B341F43D89C28738E /* Pods-Nextcloud Passwords.debug.xcconfig */ = {isa = PBXFileReference; includeInIndex = 1; lastKnownFileType = text.xcconfig; name = "Pods-Nextcloud Passwords.debug.xcconfig"; path = "Target Support Files/Pods-Nextcloud Passwords/Pods-Nextcloud Passwords.debug.xcconfig"; sourceTree = "<group>"; };
		BF2742EF246809B0005D5B1C /* JsonNCPasswords.swift */ = {isa = PBXFileReference; lastKnownFileType = sourcecode.swift; path = JsonNCPasswords.swift; sourceTree = "<group>"; };
		BF3325C924608F3700F15976 /* LoginViewController.swift */ = {isa = PBXFileReference; lastKnownFileType = sourcecode.swift; path = LoginViewController.swift; sourceTree = "<group>"; };
		BF80134E245DC2EE00BC91AB /* Nextcloud Passwords.app */ = {isa = PBXFileReference; explicitFileType = wrapper.application; includeInIndex = 0; path = "Nextcloud Passwords.app"; sourceTree = BUILT_PRODUCTS_DIR; };
		BF801351245DC2EE00BC91AB /* AppDelegate.swift */ = {isa = PBXFileReference; lastKnownFileType = sourcecode.swift; path = AppDelegate.swift; sourceTree = "<group>"; };
		BF801353245DC2EE00BC91AB /* SceneDelegate.swift */ = {isa = PBXFileReference; lastKnownFileType = sourcecode.swift; path = SceneDelegate.swift; sourceTree = "<group>"; };
		BF801355245DC2EE00BC91AB /* MainViewController.swift */ = {isa = PBXFileReference; lastKnownFileType = sourcecode.swift; path = MainViewController.swift; sourceTree = "<group>"; };
		BF80135A245DC2F000BC91AB /* Assets.xcassets */ = {isa = PBXFileReference; lastKnownFileType = folder.assetcatalog; path = Assets.xcassets; sourceTree = "<group>"; };
		BF80135D245DC2F000BC91AB /* Base */ = {isa = PBXFileReference; lastKnownFileType = file.storyboard; name = Base; path = Base.lproj/LaunchScreen.storyboard; sourceTree = "<group>"; };
		BF80135F245DC2F000BC91AB /* Info.plist */ = {isa = PBXFileReference; lastKnownFileType = text.plist.xml; path = Info.plist; sourceTree = "<group>"; };
		BF80136B245DD72600BC91AB /* Base */ = {isa = PBXFileReference; lastKnownFileType = file.storyboard; name = Base; path = Base.lproj/Main.storyboard; sourceTree = "<group>"; };
		C93C290146BC91193976EBDE /* Pods_Nextcloud_Passwords.framework */ = {isa = PBXFileReference; explicitFileType = wrapper.framework; includeInIndex = 0; path = Pods_Nextcloud_Passwords.framework; sourceTree = BUILT_PRODUCTS_DIR; };
		DC2066F17EF75487E2324D3E /* Pods-Nextcloud Passwords.release.xcconfig */ = {isa = PBXFileReference; includeInIndex = 1; lastKnownFileType = text.xcconfig; name = "Pods-Nextcloud Passwords.release.xcconfig"; path = "Target Support Files/Pods-Nextcloud Passwords/Pods-Nextcloud Passwords.release.xcconfig"; sourceTree = "<group>"; };
/* End PBXFileReference section */

/* Begin PBXFrameworksBuildPhase section */
		BF80134B245DC2EE00BC91AB /* Frameworks */ = {
			isa = PBXFrameworksBuildPhase;
			buildActionMask = 2147483647;
			files = (
				59BFAAB9C004EF4D8A3B23AC /* Pods_Nextcloud_Passwords.framework in Frameworks */,
			);
			runOnlyForDeploymentPostprocessing = 0;
		};
/* End PBXFrameworksBuildPhase section */

/* Begin PBXGroup section */
		BF3325C824608EB800F15976 /* Login */ = {
			isa = PBXGroup;
			children = (
				BF3325C924608F3700F15976 /* LoginViewController.swift */,
			);
			path = Login;
			sourceTree = "<group>";
		};
		BF801345245DC2EE00BC91AB = {
			isa = PBXGroup;
			children = (
				BF801350245DC2EE00BC91AB /* Nextcloud Passwords */,
				BF80134F245DC2EE00BC91AB /* Products */,
				D813F0387B2451CB0CEB423D /* Pods */,
				D2F90B96F11D80447E27D278 /* Frameworks */,
			);
			sourceTree = "<group>";
		};
		BF80134F245DC2EE00BC91AB /* Products */ = {
			isa = PBXGroup;
			children = (
				BF80134E245DC2EE00BC91AB /* Nextcloud Passwords.app */,
			);
			name = Products;
			sourceTree = "<group>";
		};
		BF801350245DC2EE00BC91AB /* Nextcloud Passwords */ = {
			isa = PBXGroup;
			children = (
				BF3325C824608EB800F15976 /* Login */,
				BFF5B362245F475500E31DF1 /* Launch screen */,
				BFF5B361245F402400E31DF1 /* Main screen */,
				BF911621245ED6B2006094B3 /* Database */,
				BF801351245DC2EE00BC91AB /* AppDelegate.swift */,
				BF801353245DC2EE00BC91AB /* SceneDelegate.swift */,
				BF2742EF246809B0005D5B1C /* JsonNCPasswords.swift */,
				BF80135A245DC2F000BC91AB /* Assets.xcassets */,
				BF80135F245DC2F000BC91AB /* Info.plist */,
			);
			path = "Nextcloud Passwords";
			sourceTree = "<group>";
		};
		BF911621245ED6B2006094B3 /* Database */ = {
			isa = PBXGroup;
			children = (
			);
			path = Database;
			sourceTree = "<group>";
		};
		BFF5B361245F402400E31DF1 /* Main screen */ = {
			isa = PBXGroup;
			children = (
				BF80136A245DD72600BC91AB /* Main.storyboard */,
				BF801355245DC2EE00BC91AB /* MainViewController.swift */,
			);
			path = "Main screen";
			sourceTree = "<group>";
		};
		BFF5B362245F475500E31DF1 /* Launch screen */ = {
			isa = PBXGroup;
			children = (
				BF80135C245DC2F000BC91AB /* LaunchScreen.storyboard */,
			);
			path = "Launch screen";
			sourceTree = "<group>";
		};
		D2F90B96F11D80447E27D278 /* Frameworks */ = {
			isa = PBXGroup;
			children = (
				C93C290146BC91193976EBDE /* Pods_Nextcloud_Passwords.framework */,
			);
			name = Frameworks;
			sourceTree = "<group>";
		};
		D813F0387B2451CB0CEB423D /* Pods */ = {
			isa = PBXGroup;
			children = (
				72E04A2B341F43D89C28738E /* Pods-Nextcloud Passwords.debug.xcconfig */,
				DC2066F17EF75487E2324D3E /* Pods-Nextcloud Passwords.release.xcconfig */,
			);
			path = Pods;
			sourceTree = "<group>";
		};
/* End PBXGroup section */

/* Begin PBXNativeTarget section */
		BF80134D245DC2EE00BC91AB /* Nextcloud Passwords */ = {
			isa = PBXNativeTarget;
			buildConfigurationList = BF801362245DC2F000BC91AB /* Build configuration list for PBXNativeTarget "Nextcloud Passwords" */;
			buildPhases = (
				9BA1C0EA3F9188CEE1D8D287 /* [CP] Check Pods Manifest.lock */,
				BF80134A245DC2EE00BC91AB /* Sources */,
				BF80134B245DC2EE00BC91AB /* Frameworks */,
				BF80134C245DC2EE00BC91AB /* Resources */,
				F8B822BBCE585EA69C2FD467 /* [CP] Embed Pods Frameworks */,
			);
			buildRules = (
			);
			dependencies = (
			);
			name = "Nextcloud Passwords";
			productName = "Nextcloud Passwords";
			productReference = BF80134E245DC2EE00BC91AB /* Nextcloud Passwords.app */;
			productType = "com.apple.product-type.application";
		};
/* End PBXNativeTarget section */

/* Begin PBXProject section */
		BF801346245DC2EE00BC91AB /* Project object */ = {
			isa = PBXProject;
			attributes = {
				LastSwiftUpdateCheck = 1140;
				LastUpgradeCheck = 1140;
				ORGANIZATIONNAME = "Sebastian Pollex";
				TargetAttributes = {
					BF80134D245DC2EE00BC91AB = {
						CreatedOnToolsVersion = 11.4.1;
					};
				};
			};
			buildConfigurationList = BF801349245DC2EE00BC91AB /* Build configuration list for PBXProject "Nextcloud Passwords" */;
			compatibilityVersion = "Xcode 9.3";
			developmentRegion = en;
			hasScannedForEncodings = 0;
			knownRegions = (
				en,
				Base,
			);
			mainGroup = BF801345245DC2EE00BC91AB;
			productRefGroup = BF80134F245DC2EE00BC91AB /* Products */;
			projectDirPath = "";
			projectRoot = "";
			targets = (
				BF80134D245DC2EE00BC91AB /* Nextcloud Passwords */,
			);
		};
/* End PBXProject section */

/* Begin PBXResourcesBuildPhase section */
		BF80134C245DC2EE00BC91AB /* Resources */ = {
			isa = PBXResourcesBuildPhase;
			buildActionMask = 2147483647;
			files = (
				BF80135E245DC2F000BC91AB /* LaunchScreen.storyboard in Resources */,
				BF80135B245DC2F000BC91AB /* Assets.xcassets in Resources */,
				BF80136C245DD72600BC91AB /* Main.storyboard in Resources */,
			);
			runOnlyForDeploymentPostprocessing = 0;
		};
/* End PBXResourcesBuildPhase section */

/* Begin PBXShellScriptBuildPhase section */
		9BA1C0EA3F9188CEE1D8D287 /* [CP] Check Pods Manifest.lock */ = {
			isa = PBXShellScriptBuildPhase;
			buildActionMask = 2147483647;
			files = (
			);
			inputFileListPaths = (
			);
			inputPaths = (
				"${PODS_PODFILE_DIR_PATH}/Podfile.lock",
				"${PODS_ROOT}/Manifest.lock",
			);
			name = "[CP] Check Pods Manifest.lock";
			outputFileListPaths = (
			);
			outputPaths = (
				"$(DERIVED_FILE_DIR)/Pods-Nextcloud Passwords-checkManifestLockResult.txt",
			);
			runOnlyForDeploymentPostprocessing = 0;
			shellPath = /bin/sh;
			shellScript = "diff \"${PODS_PODFILE_DIR_PATH}/Podfile.lock\" \"${PODS_ROOT}/Manifest.lock\" > /dev/null\nif [ $? != 0 ] ; then\n    # print error to STDERR\n    echo \"error: The sandbox is not in sync with the Podfile.lock. Run 'pod install' or update your CocoaPods installation.\" >&2\n    exit 1\nfi\n# This output is used by Xcode 'outputs' to avoid re-running this script phase.\necho \"SUCCESS\" > \"${SCRIPT_OUTPUT_FILE_0}\"\n";
			showEnvVarsInLog = 0;
		};
		F8B822BBCE585EA69C2FD467 /* [CP] Embed Pods Frameworks */ = {
			isa = PBXShellScriptBuildPhase;
			buildActionMask = 2147483647;
			files = (
			);
			inputFileListPaths = (
				"${PODS_ROOT}/Target Support Files/Pods-Nextcloud Passwords/Pods-Nextcloud Passwords-frameworks-${CONFIGURATION}-input-files.xcfilelist",
			);
			name = "[CP] Embed Pods Frameworks";
			outputFileListPaths = (
				"${PODS_ROOT}/Target Support Files/Pods-Nextcloud Passwords/Pods-Nextcloud Passwords-frameworks-${CONFIGURATION}-output-files.xcfilelist",
			);
			runOnlyForDeploymentPostprocessing = 0;
			shellPath = /bin/sh;
			shellScript = "\"${PODS_ROOT}/Target Support Files/Pods-Nextcloud Passwords/Pods-Nextcloud Passwords-frameworks.sh\"\n";
			showEnvVarsInLog = 0;
		};
/* End PBXShellScriptBuildPhase section */

/* Begin PBXSourcesBuildPhase section */
		BF80134A245DC2EE00BC91AB /* Sources */ = {
			isa = PBXSourcesBuildPhase;
			buildActionMask = 2147483647;
			files = (
				BF3325CA24608F3700F15976 /* LoginViewController.swift in Sources */,
				BF2742F0246809B0005D5B1C /* JsonNCPasswords.swift in Sources */,
				BF801356245DC2EE00BC91AB /* MainViewController.swift in Sources */,
				BF801352245DC2EE00BC91AB /* AppDelegate.swift in Sources */,
				BF801354245DC2EE00BC91AB /* SceneDelegate.swift in Sources */,
			);
			runOnlyForDeploymentPostprocessing = 0;
		};
/* End PBXSourcesBuildPhase section */

/* Begin PBXVariantGroup section */
		BF80135C245DC2F000BC91AB /* LaunchScreen.storyboard */ = {
			isa = PBXVariantGroup;
			children = (
				BF80135D245DC2F000BC91AB /* Base */,
			);
			name = LaunchScreen.storyboard;
			sourceTree = "<group>";
		};
		BF80136A245DD72600BC91AB /* Main.storyboard */ = {
			isa = PBXVariantGroup;
			children = (
				BF80136B245DD72600BC91AB /* Base */,
			);
			name = Main.storyboard;
			sourceTree = "<group>";
		};
/* End PBXVariantGroup section */

/* Begin XCBuildConfiguration section */
		BF801360245DC2F000BC91AB /* Debug */ = {
			isa = XCBuildConfiguration;
			buildSettings = {
				ALWAYS_SEARCH_USER_PATHS = NO;
				CLANG_ANALYZER_NONNULL = YES;
				CLANG_ANALYZER_NUMBER_OBJECT_CONVERSION = YES_AGGRESSIVE;
				CLANG_CXX_LANGUAGE_STANDARD = "gnu++14";
				CLANG_CXX_LIBRARY = "libc++";
				CLANG_ENABLE_MODULES = YES;
				CLANG_ENABLE_OBJC_ARC = YES;
				CLANG_ENABLE_OBJC_WEAK = YES;
				CLANG_WARN_BLOCK_CAPTURE_AUTORELEASING = YES;
				CLANG_WARN_BOOL_CONVERSION = YES;
				CLANG_WARN_COMMA = YES;
				CLANG_WARN_CONSTANT_CONVERSION = YES;
				CLANG_WARN_DEPRECATED_OBJC_IMPLEMENTATIONS = YES;
				CLANG_WARN_DIRECT_OBJC_ISA_USAGE = YES_ERROR;
				CLANG_WARN_DOCUMENTATION_COMMENTS = YES;
				CLANG_WARN_EMPTY_BODY = YES;
				CLANG_WARN_ENUM_CONVERSION = YES;
				CLANG_WARN_INFINITE_RECURSION = YES;
				CLANG_WARN_INT_CONVERSION = YES;
				CLANG_WARN_NON_LITERAL_NULL_CONVERSION = YES;
				CLANG_WARN_OBJC_IMPLICIT_RETAIN_SELF = YES;
				CLANG_WARN_OBJC_LITERAL_CONVERSION = YES;
				CLANG_WARN_OBJC_ROOT_CLASS = YES_ERROR;
				CLANG_WARN_RANGE_LOOP_ANALYSIS = YES;
				CLANG_WARN_STRICT_PROTOTYPES = YES;
				CLANG_WARN_SUSPICIOUS_MOVE = YES;
				CLANG_WARN_UNGUARDED_AVAILABILITY = YES_AGGRESSIVE;
				CLANG_WARN_UNREACHABLE_CODE = YES;
				CLANG_WARN__DUPLICATE_METHOD_MATCH = YES;
				COPY_PHASE_STRIP = NO;
				DEBUG_INFORMATION_FORMAT = dwarf;
				ENABLE_STRICT_OBJC_MSGSEND = YES;
				ENABLE_TESTABILITY = YES;
				GCC_C_LANGUAGE_STANDARD = gnu11;
				GCC_DYNAMIC_NO_PIC = NO;
				GCC_NO_COMMON_BLOCKS = YES;
				GCC_OPTIMIZATION_LEVEL = 0;
				GCC_PREPROCESSOR_DEFINITIONS = (
					"DEBUG=1",
					"$(inherited)",
				);
				GCC_WARN_64_TO_32_BIT_CONVERSION = YES;
				GCC_WARN_ABOUT_RETURN_TYPE = YES_ERROR;
				GCC_WARN_UNDECLARED_SELECTOR = YES;
				GCC_WARN_UNINITIALIZED_AUTOS = YES_AGGRESSIVE;
				GCC_WARN_UNUSED_FUNCTION = YES;
				GCC_WARN_UNUSED_VARIABLE = YES;
				IPHONEOS_DEPLOYMENT_TARGET = 13.4;
				MTL_ENABLE_DEBUG_INFO = INCLUDE_SOURCE;
				MTL_FAST_MATH = YES;
				ONLY_ACTIVE_ARCH = YES;
				SDKROOT = iphoneos;
				SWIFT_ACTIVE_COMPILATION_CONDITIONS = DEBUG;
				SWIFT_OPTIMIZATION_LEVEL = "-Onone";
			};
			name = Debug;
		};
		BF801361245DC2F000BC91AB /* Release */ = {
			isa = XCBuildConfiguration;
			buildSettings = {
				ALWAYS_SEARCH_USER_PATHS = NO;
				CLANG_ANALYZER_NONNULL = YES;
				CLANG_ANALYZER_NUMBER_OBJECT_CONVERSION = YES_AGGRESSIVE;
				CLANG_CXX_LANGUAGE_STANDARD = "gnu++14";
				CLANG_CXX_LIBRARY = "libc++";
				CLANG_ENABLE_MODULES = YES;
				CLANG_ENABLE_OBJC_ARC = YES;
				CLANG_ENABLE_OBJC_WEAK = YES;
				CLANG_WARN_BLOCK_CAPTURE_AUTORELEASING = YES;
				CLANG_WARN_BOOL_CONVERSION = YES;
				CLANG_WARN_COMMA = YES;
				CLANG_WARN_CONSTANT_CONVERSION = YES;
				CLANG_WARN_DEPRECATED_OBJC_IMPLEMENTATIONS = YES;
				CLANG_WARN_DIRECT_OBJC_ISA_USAGE = YES_ERROR;
				CLANG_WARN_DOCUMENTATION_COMMENTS = YES;
				CLANG_WARN_EMPTY_BODY = YES;
				CLANG_WARN_ENUM_CONVERSION = YES;
				CLANG_WARN_INFINITE_RECURSION = YES;
				CLANG_WARN_INT_CONVERSION = YES;
				CLANG_WARN_NON_LITERAL_NULL_CONVERSION = YES;
				CLANG_WARN_OBJC_IMPLICIT_RETAIN_SELF = YES;
				CLANG_WARN_OBJC_LITERAL_CONVERSION = YES;
				CLANG_WARN_OBJC_ROOT_CLASS = YES_ERROR;
				CLANG_WARN_RANGE_LOOP_ANALYSIS = YES;
				CLANG_WARN_STRICT_PROTOTYPES = YES;
				CLANG_WARN_SUSPICIOUS_MOVE = YES;
				CLANG_WARN_UNGUARDED_AVAILABILITY = YES_AGGRESSIVE;
				CLANG_WARN_UNREACHABLE_CODE = YES;
				CLANG_WARN__DUPLICATE_METHOD_MATCH = YES;
				COPY_PHASE_STRIP = NO;
				DEBUG_INFORMATION_FORMAT = "dwarf-with-dsym";
				ENABLE_NS_ASSERTIONS = NO;
				ENABLE_STRICT_OBJC_MSGSEND = YES;
				GCC_C_LANGUAGE_STANDARD = gnu11;
				GCC_NO_COMMON_BLOCKS = YES;
				GCC_WARN_64_TO_32_BIT_CONVERSION = YES;
				GCC_WARN_ABOUT_RETURN_TYPE = YES_ERROR;
				GCC_WARN_UNDECLARED_SELECTOR = YES;
				GCC_WARN_UNINITIALIZED_AUTOS = YES_AGGRESSIVE;
				GCC_WARN_UNUSED_FUNCTION = YES;
				GCC_WARN_UNUSED_VARIABLE = YES;
				IPHONEOS_DEPLOYMENT_TARGET = 13.4;
				MTL_ENABLE_DEBUG_INFO = NO;
				MTL_FAST_MATH = YES;
				SDKROOT = iphoneos;
				SWIFT_COMPILATION_MODE = wholemodule;
				SWIFT_OPTIMIZATION_LEVEL = "-O";
				VALIDATE_PRODUCT = YES;
			};
			name = Release;
		};
		BF801363245DC2F000BC91AB /* Debug */ = {
			isa = XCBuildConfiguration;
			baseConfigurationReference = 72E04A2B341F43D89C28738E /* Pods-Nextcloud Passwords.debug.xcconfig */;
			buildSettings = {
				ASSETCATALOG_COMPILER_APPICON_NAME = AppIcon;
				CODE_SIGN_STYLE = Automatic;
				DEVELOPMENT_TEAM = 32JJ7H8QB2;
				INFOPLIST_FILE = "Nextcloud Passwords/Info.plist";
				LD_RUNPATH_SEARCH_PATHS = (
					"$(inherited)",
					"@executable_path/Frameworks",
				);
				MARKETING_VERSION = 0.1;
				PRODUCT_BUNDLE_IDENTIFIER = "rocks.pollex.Nextcloud-Passwords";
				PRODUCT_NAME = "$(TARGET_NAME)";
				SWIFT_VERSION = 5.0;
				TARGETED_DEVICE_FAMILY = "1,2";
			};
			name = Debug;
		};
		BF801364245DC2F000BC91AB /* Release */ = {
			isa = XCBuildConfiguration;
			baseConfigurationReference = DC2066F17EF75487E2324D3E /* Pods-Nextcloud Passwords.release.xcconfig */;
			buildSettings = {
				ASSETCATALOG_COMPILER_APPICON_NAME = AppIcon;
				CODE_SIGN_STYLE = Automatic;
				DEVELOPMENT_TEAM = 32JJ7H8QB2;
				INFOPLIST_FILE = "Nextcloud Passwords/Info.plist";
				LD_RUNPATH_SEARCH_PATHS = (
					"$(inherited)",
					"@executable_path/Frameworks",
				);
				MARKETING_VERSION = 0.1;
				PRODUCT_BUNDLE_IDENTIFIER = "rocks.pollex.Nextcloud-Passwords";
				PRODUCT_NAME = "$(TARGET_NAME)";
				SWIFT_VERSION = 5.0;
				TARGETED_DEVICE_FAMILY = "1,2";
			};
			name = Release;
		};
/* End XCBuildConfiguration section */

/* Begin XCConfigurationList section */
		BF801349245DC2EE00BC91AB /* Build configuration list for PBXProject "Nextcloud Passwords" */ = {
			isa = XCConfigurationList;
			buildConfigurations = (
				BF801360245DC2F000BC91AB /* Debug */,
				BF801361245DC2F000BC91AB /* Release */,
			);
			defaultConfigurationIsVisible = 0;
			defaultConfigurationName = Release;
		};
		BF801362245DC2F000BC91AB /* Build configuration list for PBXNativeTarget "Nextcloud Passwords" */ = {
			isa = XCConfigurationList;
			buildConfigurations = (
				BF801363245DC2F000BC91AB /* Debug */,
				BF801364245DC2F000BC91AB /* Release */,
			);
			defaultConfigurationIsVisible = 0;
			defaultConfigurationName = Release;
		};
/* End XCConfigurationList section */
	};
	rootObject = BF801346245DC2EE00BC91AB /* Project object */;
}
