// !$*UTF8*$!
{
	archiveVersion = 1;
	classes = {
	};
	objectVersion = 50;
	objects = {

/* Begin PBXBuildFile section */
		BF801352245DC2EE00BC91AB /* AppDelegate.swift in Sources */ = {isa = PBXBuildFile; fileRef = BF801351245DC2EE00BC91AB /* AppDelegate.swift */; };
		BF801354245DC2EE00BC91AB /* SceneDelegate.swift in Sources */ = {isa = PBXBuildFile; fileRef = BF801353245DC2EE00BC91AB /* SceneDelegate.swift */; };
		BF801356245DC2EE00BC91AB /* ViewController.swift in Sources */ = {isa = PBXBuildFile; fileRef = BF801355245DC2EE00BC91AB /* ViewController.swift */; };
		BF801359245DC2EE00BC91AB /* Login.storyboard in Resources */ = {isa = PBXBuildFile; fileRef = BF801357245DC2EE00BC91AB /* Login.storyboard */; };
		BF80135B245DC2F000BC91AB /* Assets.xcassets in Resources */ = {isa = PBXBuildFile; fileRef = BF80135A245DC2F000BC91AB /* Assets.xcassets */; };
		BF80135E245DC2F000BC91AB /* LaunchScreen.storyboard in Resources */ = {isa = PBXBuildFile; fileRef = BF80135C245DC2F000BC91AB /* LaunchScreen.storyboard */; };
		BF80136C245DD72600BC91AB /* Main.storyboard in Resources */ = {isa = PBXBuildFile; fileRef = BF80136A245DD72600BC91AB /* Main.storyboard */; };
/* End PBXBuildFile section */

/* Begin PBXFileReference section */
		BF80134E245DC2EE00BC91AB /* Nextcloud Passwords.app */ = {isa = PBXFileReference; explicitFileType = wrapper.application; includeInIndex = 0; path = "Nextcloud Passwords.app"; sourceTree = BUILT_PRODUCTS_DIR; };
		BF801351245DC2EE00BC91AB /* AppDelegate.swift */ = {isa = PBXFileReference; lastKnownFileType = sourcecode.swift; path = AppDelegate.swift; sourceTree = "<group>"; };
		BF801353245DC2EE00BC91AB /* SceneDelegate.swift */ = {isa = PBXFileReference; lastKnownFileType = sourcecode.swift; path = SceneDelegate.swift; sourceTree = "<group>"; };
		BF801355245DC2EE00BC91AB /* ViewController.swift */ = {isa = PBXFileReference; lastKnownFileType = sourcecode.swift; path = ViewController.swift; sourceTree = "<group>"; };
		BF801358245DC2EE00BC91AB /* Base */ = {isa = PBXFileReference; lastKnownFileType = file.storyboard; name = Base; path = Base.lproj/Login.storyboard; sourceTree = "<group>"; };
		BF80135A245DC2F000BC91AB /* Assets.xcassets */ = {isa = PBXFileReference; lastKnownFileType = folder.assetcatalog; path = Assets.xcassets; sourceTree = "<group>"; };
		BF80135D245DC2F000BC91AB /* Base */ = {isa = PBXFileReference; lastKnownFileType = file.storyboard; name = Base; path = Base.lproj/LaunchScreen.storyboard; sourceTree = "<group>"; };
		BF80135F245DC2F000BC91AB /* Info.plist */ = {isa = PBXFileReference; lastKnownFileType = text.plist.xml; path = Info.plist; sourceTree = "<group>"; };
		BF80136B245DD72600BC91AB /* Base */ = {isa = PBXFileReference; lastKnownFileType = file.storyboard; name = Base; path = Base.lproj/Main.storyboard; sourceTree = "<group>"; };
/* End PBXFileReference section */

/* Begin PBXFrameworksBuildPhase section */
		BF80134B245DC2EE00BC91AB /* Frameworks */ = {
			isa = PBXFrameworksBuildPhase;
			buildActionMask = 2147483647;
			files = (
			);
			runOnlyForDeploymentPostprocessing = 0;
		};
/* End PBXFrameworksBuildPhase section */

/* Begin PBXGroup section */
		BF801345245DC2EE00BC91AB = {
			isa = PBXGroup;
			children = (
				BF801350245DC2EE00BC91AB /* Nextcloud Passwords */,
				BF80134F245DC2EE00BC91AB /* Products */,
			);
			sourceTree = "<group>";
		};
		BF80134F245DC2EE00BC91AB /* Products */ = {
			isa = PBXGroup;
			children = (
				BF80134E245DC2EE00BC91AB /* Nextcloud Passwords.app */,
			);
			name = Products;
			sourceTree = "<group>";
		};
		BF801350245DC2EE00BC91AB /* Nextcloud Passwords */ = {
			isa = PBXGroup;
			children = (
				BF80136F245DDC4000BC91AB /* Storyboards */,
				BF801351245DC2EE00BC91AB /* AppDelegate.swift */,
				BF801353245DC2EE00BC91AB /* SceneDelegate.swift */,
				BF801355245DC2EE00BC91AB /* ViewController.swift */,
				BF80135A245DC2F000BC91AB /* Assets.xcassets */,
				BF80135F245DC2F000BC91AB /* Info.plist */,
			);
			path = "Nextcloud Passwords";
			sourceTree = "<group>";
		};
		BF80136F245DDC4000BC91AB /* Storyboards */ = {
			isa = PBXGroup;
			children = (
				BF801357245DC2EE00BC91AB /* Login.storyboard */,
				BF80135C245DC2F000BC91AB /* LaunchScreen.storyboard */,
				BF80136A245DD72600BC91AB /* Main.storyboard */,
			);
			path = Storyboards;
			sourceTree = "<group>";
		};
/* End PBXGroup section */

/* Begin PBXNativeTarget section */
		BF80134D245DC2EE00BC91AB /* Nextcloud Passwords */ = {
			isa = PBXNativeTarget;
			buildConfigurationList = BF801362245DC2F000BC91AB /* Build configuration list for PBXNativeTarget "Nextcloud Passwords" */;
			buildPhases = (
				BF80134A245DC2EE00BC91AB /* Sources */,
				BF80134B245DC2EE00BC91AB /* Frameworks */,
				BF80134C245DC2EE00BC91AB /* Resources */,
			);
			buildRules = (
			);
			dependencies = (
			);
			name = "Nextcloud Passwords";
			productName = "Nextcloud Passwords";
			productReference = BF80134E245DC2EE00BC91AB /* Nextcloud Passwords.app */;
			productType = "com.apple.product-type.application";
		};
/* End PBXNativeTarget section */

/* Begin PBXProject section */
		BF801346245DC2EE00BC91AB /* Project object */ = {
			isa = PBXProject;
			attributes = {
				LastSwiftUpdateCheck = 1140;
				LastUpgradeCheck = 1140;
				ORGANIZATIONNAME = "Sebastian Pollex";
				TargetAttributes = {
					BF80134D245DC2EE00BC91AB = {
						CreatedOnToolsVersion = 11.4.1;
					};
				};
			};
			buildConfigurationList = BF801349245DC2EE00BC91AB /* Build configuration list for PBXProject "Nextcloud Passwords" */;
			compatibilityVersion = "Xcode 9.3";
			developmentRegion = en;
			hasScannedForEncodings = 0;
			knownRegions = (
				en,
				Base,
			);
			mainGroup = BF801345245DC2EE00BC91AB;
			productRefGroup = BF80134F245DC2EE00BC91AB /* Products */;
			projectDirPath = "";
			projectRoot = "";
			targets = (
				BF80134D245DC2EE00BC91AB /* Nextcloud Passwords */,
			);
		};
/* End PBXProject section */

/* Begin PBXResourcesBuildPhase section */
		BF80134C245DC2EE00BC91AB /* Resources */ = {
			isa = PBXResourcesBuildPhase;
			buildActionMask = 2147483647;
			files = (
				BF80135E245DC2F000BC91AB /* LaunchScreen.storyboard in Resources */,
				BF80135B245DC2F000BC91AB /* Assets.xcassets in Resources */,
				BF801359245DC2EE00BC91AB /* Login.storyboard in Resources */,
				BF80136C245DD72600BC91AB /* Main.storyboard in Resources */,
			);
			runOnlyForDeploymentPostprocessing = 0;
		};
/* End PBXResourcesBuildPhase section */

/* Begin PBXSourcesBuildPhase section */
		BF80134A245DC2EE00BC91AB /* Sources */ = {
			isa = PBXSourcesBuildPhase;
			buildActionMask = 2147483647;
			files = (
				BF801356245DC2EE00BC91AB /* ViewController.swift in Sources */,
				BF801352245DC2EE00BC91AB /* AppDelegate.swift in Sources */,
				BF801354245DC2EE00BC91AB /* SceneDelegate.swift in Sources */,
			);
			runOnlyForDeploymentPostprocessing = 0;
		};
/* End PBXSourcesBuildPhase section */

/* Begin PBXVariantGroup section */
		BF801357245DC2EE00BC91AB /* Login.storyboard */ = {
			isa = PBXVariantGroup;
			children = (
				BF801358245DC2EE00BC91AB /* Base */,
			);
			name = Login.storyboard;
			sourceTree = "<group>";
		};
		BF80135C245DC2F000BC91AB /* LaunchScreen.storyboard */ = {
			isa = PBXVariantGroup;
			children = (
				BF80135D245DC2F000BC91AB /* Base */,
			);
			name = LaunchScreen.storyboard;
			sourceTree = "<group>";
		};
		BF80136A245DD72600BC91AB /* Main.storyboard */ = {
			isa = PBXVariantGroup;
			children = (
				BF80136B245DD72600BC91AB /* Base */,
			);
			name = Main.storyboard;
			sourceTree = "<group>";
		};
/* End PBXVariantGroup section */

/* Begin XCBuildConfiguration section */
		BF801360245DC2F000BC91AB /* Debug */ = {
			isa = XCBuildConfiguration;
			buildSettings = {
				ALWAYS_SEARCH_USER_PATHS = NO;
				CLANG_ANALYZER_NONNULL = YES;
				CLANG_ANALYZER_NUMBER_OBJECT_CONVERSION = YES_AGGRESSIVE;
				CLANG_CXX_LANGUAGE_STANDARD = "gnu++14";
				CLANG_CXX_LIBRARY = "libc++";
				CLANG_ENABLE_MODULES = YES;
				CLANG_ENABLE_OBJC_ARC = YES;
				CLANG_ENABLE_OBJC_WEAK = YES;
				CLANG_WARN_BLOCK_CAPTURE_AUTORELEASING = YES;
				CLANG_WARN_BOOL_CONVERSION = YES;
				CLANG_WARN_COMMA = YES;
				CLANG_WARN_CONSTANT_CONVERSION = YES;
				CLANG_WARN_DEPRECATED_OBJC_IMPLEMENTATIONS = YES;
				CLANG_WARN_DIRECT_OBJC_ISA_USAGE = YES_ERROR;
				CLANG_WARN_DOCUMENTATION_COMMENTS = YES;
				CLANG_WARN_EMPTY_BODY = YES;
				CLANG_WARN_ENUM_CONVERSION = YES;
				CLANG_WARN_INFINITE_RECURSION = YES;
				CLANG_WARN_INT_CONVERSION = YES;
				CLANG_WARN_NON_LITERAL_NULL_CONVERSION = YES;
				CLANG_WARN_OBJC_IMPLICIT_RETAIN_SELF = YES;
				CLANG_WARN_OBJC_LITERAL_CONVERSION = YES;
				CLANG_WARN_OBJC_ROOT_CLASS = YES_ERROR;
				CLANG_WARN_RANGE_LOOP_ANALYSIS = YES;
				CLANG_WARN_STRICT_PROTOTYPES = YES;
				CLANG_WARN_SUSPICIOUS_MOVE = YES;
				CLANG_WARN_UNGUARDED_AVAILABILITY = YES_AGGRESSIVE;
				CLANG_WARN_UNREACHABLE_CODE = YES;
				CLANG_WARN__DUPLICATE_METHOD_MATCH = YES;
				COPY_PHASE_STRIP = NO;
				DEBUG_INFORMATION_FORMAT = dwarf;
				ENABLE_STRICT_OBJC_MSGSEND = YES;
				ENABLE_TESTABILITY = YES;
				GCC_C_LANGUAGE_STANDARD = gnu11;
				GCC_DYNAMIC_NO_PIC = NO;
				GCC_NO_COMMON_BLOCKS = YES;
				GCC_OPTIMIZATION_LEVEL = 0;
				GCC_PREPROCESSOR_DEFINITIONS = (
					"DEBUG=1",
					"$(inherited)",
				);
				GCC_WARN_64_TO_32_BIT_CONVERSION = YES;
				GCC_WARN_ABOUT_RETURN_TYPE = YES_ERROR;
				GCC_WARN_UNDECLARED_SELECTOR = YES;
				GCC_WARN_UNINITIALIZED_AUTOS = YES_AGGRESSIVE;
				GCC_WARN_UNUSED_FUNCTION = YES;
				GCC_WARN_UNUSED_VARIABLE = YES;
				IPHONEOS_DEPLOYMENT_TARGET = 13.4;
				MTL_ENABLE_DEBUG_INFO = INCLUDE_SOURCE;
				MTL_FAST_MATH = YES;
				ONLY_ACTIVE_ARCH = YES;
				SDKROOT = iphoneos;
				SWIFT_ACTIVE_COMPILATION_CONDITIONS = DEBUG;
				SWIFT_OPTIMIZATION_LEVEL = "-Onone";
			};
			name = Debug;
		};
		BF801361245DC2F000BC91AB /* Release */ = {
			isa = XCBuildConfiguration;
			buildSettings = {
				ALWAYS_SEARCH_USER_PATHS = NO;
				CLANG_ANALYZER_NONNULL = YES;
				CLANG_ANALYZER_NUMBER_OBJECT_CONVERSION = YES_AGGRESSIVE;
				CLANG_CXX_LANGUAGE_STANDARD = "gnu++14";
				CLANG_CXX_LIBRARY = "libc++";
				CLANG_ENABLE_MODULES = YES;
				CLANG_ENABLE_OBJC_ARC = YES;
				CLANG_ENABLE_OBJC_WEAK = YES;
				CLANG_WARN_BLOCK_CAPTURE_AUTORELEASING = YES;
				CLANG_WARN_BOOL_CONVERSION = YES;
				CLANG_WARN_COMMA = YES;
				CLANG_WARN_CONSTANT_CONVERSION = YES;
				CLANG_WARN_DEPRECATED_OBJC_IMPLEMENTATIONS = YES;
				CLANG_WARN_DIRECT_OBJC_ISA_USAGE = YES_ERROR;
				CLANG_WARN_DOCUMENTATION_COMMENTS = YES;
				CLANG_WARN_EMPTY_BODY = YES;
				CLANG_WARN_ENUM_CONVERSION = YES;
				CLANG_WARN_INFINITE_RECURSION = YES;
				CLANG_WARN_INT_CONVERSION = YES;
				CLANG_WARN_NON_LITERAL_NULL_CONVERSION = YES;
				CLANG_WARN_OBJC_IMPLICIT_RETAIN_SELF = YES;
				CLANG_WARN_OBJC_LITERAL_CONVERSION = YES;
				CLANG_WARN_OBJC_ROOT_CLASS = YES_ERROR;
				CLANG_WARN_RANGE_LOOP_ANALYSIS = YES;
				CLANG_WARN_STRICT_PROTOTYPES = YES;
				CLANG_WARN_SUSPICIOUS_MOVE = YES;
				CLANG_WARN_UNGUARDED_AVAILABILITY = YES_AGGRESSIVE;
				CLANG_WARN_UNREACHABLE_CODE = YES;
				CLANG_WARN__DUPLICATE_METHOD_MATCH = YES;
				COPY_PHASE_STRIP = NO;
				DEBUG_INFORMATION_FORMAT = "dwarf-with-dsym";
				ENABLE_NS_ASSERTIONS = NO;
				ENABLE_STRICT_OBJC_MSGSEND = YES;
				GCC_C_LANGUAGE_STANDARD = gnu11;
				GCC_NO_COMMON_BLOCKS = YES;
				GCC_WARN_64_TO_32_BIT_CONVERSION = YES;
				GCC_WARN_ABOUT_RETURN_TYPE = YES_ERROR;
				GCC_WARN_UNDECLARED_SELECTOR = YES;
				GCC_WARN_UNINITIALIZED_AUTOS = YES_AGGRESSIVE;
				GCC_WARN_UNUSED_FUNCTION = YES;
				GCC_WARN_UNUSED_VARIABLE = YES;
				IPHONEOS_DEPLOYMENT_TARGET = 13.4;
				MTL_ENABLE_DEBUG_INFO = NO;
				MTL_FAST_MATH = YES;
				SDKROOT = iphoneos;
				SWIFT_COMPILATION_MODE = wholemodule;
				SWIFT_OPTIMIZATION_LEVEL = "-O";
				VALIDATE_PRODUCT = YES;
			};
			name = Release;
		};
		BF801363245DC2F000BC91AB /* Debug */ = {
			isa = XCBuildConfiguration;
			buildSettings = {
				ASSETCATALOG_COMPILER_APPICON_NAME = AppIcon;
				CODE_SIGN_STYLE = Automatic;
				DEVELOPMENT_TEAM = 32JJ7H8QB2;
				INFOPLIST_FILE = "Nextcloud Passwords/Info.plist";
				LD_RUNPATH_SEARCH_PATHS = (
					"$(inherited)",
					"@executable_path/Frameworks",
				);
				MARKETING_VERSION = 0.1;
				PRODUCT_BUNDLE_IDENTIFIER = "rocks.pollex.Nextcloud-Passwords";
				PRODUCT_NAME = "$(TARGET_NAME)";
				SWIFT_VERSION = 5.0;
				TARGETED_DEVICE_FAMILY = "1,2";
			};
			name = Debug;
		};
		BF801364245DC2F000BC91AB /* Release */ = {
			isa = XCBuildConfiguration;
			buildSettings = {
				ASSETCATALOG_COMPILER_APPICON_NAME = AppIcon;
				CODE_SIGN_STYLE = Automatic;
				DEVELOPMENT_TEAM = 32JJ7H8QB2;
				INFOPLIST_FILE = "Nextcloud Passwords/Info.plist";
				LD_RUNPATH_SEARCH_PATHS = (
					"$(inherited)",
					"@executable_path/Frameworks",
				);
				MARKETING_VERSION = 0.1;
				PRODUCT_BUNDLE_IDENTIFIER = "rocks.pollex.Nextcloud-Passwords";
				PRODUCT_NAME = "$(TARGET_NAME)";
				SWIFT_VERSION = 5.0;
				TARGETED_DEVICE_FAMILY = "1,2";
			};
			name = Release;
		};
/* End XCBuildConfiguration section */

/* Begin XCConfigurationList section */
		BF801349245DC2EE00BC91AB /* Build configuration list for PBXProject "Nextcloud Passwords" */ = {
			isa = XCConfigurationList;
			buildConfigurations = (
				BF801360245DC2F000BC91AB /* Debug */,
				BF801361245DC2F000BC91AB /* Release */,
			);
			defaultConfigurationIsVisible = 0;
			defaultConfigurationName = Release;
		};
		BF801362245DC2F000BC91AB /* Build configuration list for PBXNativeTarget "Nextcloud Passwords" */ = {
			isa = XCConfigurationList;
			buildConfigurations = (
				BF801363245DC2F000BC91AB /* Debug */,
				BF801364245DC2F000BC91AB /* Release */,
			);
			defaultConfigurationIsVisible = 0;
			defaultConfigurationName = Release;
		};
/* End XCConfigurationList section */
	};
	rootObject = BF801346245DC2EE00BC91AB /* Project object */;
}
